
Microsoft Visual Studio Solution File, Format Version 12.00
# Visual Studio Version 16
VisualStudioVersion = 16.0.31129.286
MinimumVisualStudioVersion = 10.0.40219.1
Project("{FAE04EC0-301F-11D3-BF4B-00C04F79EFBC}") = "IronPdfTest", "IronPdfTest.csproj", "{F1ACB7A1-B4B6-4C45-834B-47D31D663F5D}"
EndProject
Global
	GlobalSection(SolutionConfigurationPlatforms) = preSolution
		Debug|Any CPU = Debug|Any CPU
		Release|Any CPU = Release|Any CPU
	EndGlobalSection
	GlobalSection(ProjectConfigurationPlatforms) = postSolution
		{F1ACB7A1-B4B6-4C45-834B-47D31D663F5D}.Debug|Any CPU.ActiveCfg = Debug|Any CPU
		{F1ACB7A1-B4B6-4C45-834B-47D31D663F5D}.Debug|Any CPU.Build.0 = Debug|Any CPU
		{F1ACB7A1-B4B6-4C45-834B-47D31D663F5D}.Release|Any CPU.ActiveCfg = Release|Any CPU
		{F1ACB7A1-B4B6-4C45-834B-47D31D663F5D}.Release|Any CPU.Build.0 = Release|Any CPU
	EndGlobalSection
	GlobalSection(SolutionProperties) = preSolution
		HideSolutionNode = FALSE
	EndGlobalSection
	GlobalSection(ExtensibilityGlobals) = postSolution
		SolutionGuid = {2F159970-4390-4FA0-99AE-FAA0B67C9026}
	EndGlobalSection
EndGlobal
